{
  "name": "lossless-json-test",
  "version": "0.0.0",
  "lockfileVersion": 3,
  "requires": true,
  "packages": {
    "": {
      "name": "lossless-json-test",
      "version": "0.0.0",
      "license": "ISC",
      "dependencies": {
        "lossless-json": "^2.0.10",
        "typescript": "^5.1.6"
      }
    },
    "../lossless-json": {
      "version": "2.0.10",
      "extraneous": true,
      "license": "MIT",
      "devDependencies": {
        "@babel/cli": "7.22.6",
        "@babel/core": "7.22.8",
        "@babel/plugin-transform-typescript": "7.22.5",
        "@babel/preset-env": "7.22.7",
        "@babel/preset-typescript": "7.22.5",
        "@commitlint/cli": "17.6.6",
        "@commitlint/config-conventional": "17.6.6",
        "@rollup/plugin-terser": "0.4.3",
        "@types/benchmark": "2.1.2",
        "@types/jest": "29.5.2",
        "@types/node": "20.4.0",
        "@typescript-eslint/eslint-plugin": "5.61.0",
        "@typescript-eslint/parser": "5.61.0",
        "benchmark": "2.1.4",
        "cpy-cli": "5.0.0",
        "decimal.js": "10.4.3",
        "del-cli": "5.0.0",
        "eslint": "8.44.0",
        "eslint-config-standard": "17.1.0",
        "eslint-plugin-import": "2.27.5",
        "eslint-plugin-n": "16.0.1",
        "eslint-plugin-node": "11.1.0",
        "eslint-plugin-promise": "6.1.1",
        "husky": "8.0.3",
        "jest": "29.6.1",
        "npm-run-all": "4.1.5",
        "prettier": "3.0.0",
        "rollup": "3.26.2",
        "standard-version": "9.5.0",
        "ts-jest": "29.1.1",
        "typescript": "5.1.6"
      }
    },
    "node_modules/lossless-json": {
      "version": "2.0.10",
      "resolved": "https://registry.npmjs.org/lossless-json/-/lossless-json-2.0.10.tgz",
      "integrity": "sha512-G+jJdEEFJmmbXlXogz/MSOnGpGioclPekWKa42kAI2wFZHQ/UoBq+vZkY2KSxKn5rysYh26UZCyIN3zUHRSLgA=="
    },
    "node_modules/typescript": {
      "version": "5.1.6",
      "license": "Apache-2.0",
      "bin": {
        "tsc": "bin/tsc",
        "tsserver": "bin/tsserver"
      },
      "engines": {
        "node": ">=14.17"
      }
    }
  }
}
